{
    "_meta": {
        "hash": {
            "sha256": "255bae8cab9328d2e866abd4b5f5c4d4dc0d4a79e72dec74905b954c06910d0d"
        },
        "pipfile-spec": 6,
        "requires": {
            "python_version": "3.9"
        },
        "sources": [
            {
                "name": "pypi",
                "url": "https://mirrors.aliyun.com/pypi/simple",
                "verify_ssl": true
            }
        ]
    },
    "default": {
        "brotli": {
            "hashes": [
                "sha256:160c78292e98d21e73a4cc7f76a234390e516afcd982fa17e1422f7c6a9ce9c8",
                "sha256:16d528a45c2e1909c2798f27f7bf0a3feec1dc9e50948e738b961618e38b6a7b",
                "sha256:19598ecddd8a212aedb1ffa15763dd52a388518c4550e615aed88dc3753c0f0c",
                "sha256:1c48472a6ba3b113452355b9af0a60da5c2ae60477f8feda8346f8fd48e3e87c",
                "sha256:268fe94547ba25b58ebc724680609c8ee3e5a843202e9a381f6f9c5e8bdb5c70",
                "sha256:269a5743a393c65db46a7bb982644c67ecba4b8d91b392403ad8a861ba6f495f",
                "sha256:26d168aac4aaec9a4394221240e8a5436b5634adc3cd1cdf637f6645cecbf181",
                "sha256:29d1d350178e5225397e28ea1b7aca3648fcbab546d20e7475805437bfb0a130",
                "sha256:2aad0e0baa04517741c9bb5b07586c642302e5fb3e75319cb62087bd0995ab19",
                "sha256:35a3edbe18e876e596553c4007a087f8bcfd538f19bc116917b3c7522fca0429",
                "sha256:3b78a24b5fd13c03ee2b7b86290ed20efdc95da75a3557cc06811764d5ad1126",
                "sha256:40d15c79f42e0a2c72892bf407979febd9cf91f36f495ffb333d1d04cebb34e4",
                "sha256:44bb8ff420c1d19d91d79d8c3574b8954288bdff0273bf788954064d260d7ab0",
                "sha256:4d1b810aa0ed773f81dceda2cc7b403d01057458730e309856356d4ef4188438",
                "sha256:503fa6af7da9f4b5780bb7e4cbe0c639b010f12be85d02c99452825dd0feef3f",
                "sha256:56d027eace784738457437df7331965473f2c0da2c70e1a1f6fdbae5402e0389",
                "sha256:5913a1177fc36e30fcf6dc868ce23b0453952c78c04c266d3149b3d39e1410d6",
                "sha256:5b6ef7d9f9c38292df3690fe3e302b5b530999fa90014853dcd0d6902fb59f26",
                "sha256:5cb1e18167792d7d21e21365d7650b72d5081ed476123ff7b8cac7f45189c0c7",
                "sha256:61a7ee1f13ab913897dac7da44a73c6d44d48a4adff42a5701e3239791c96e14",
                "sha256:622a231b08899c864eb87e85f81c75e7b9ce05b001e59bbfbf43d4a71f5f32b2",
                "sha256:68715970f16b6e92c574c30747c95cf8cf62804569647386ff032195dc89a430",
                "sha256:6b2ae9f5f67f89aade1fab0f7fd8f2832501311c363a21579d02defa844d9296",
                "sha256:6c772d6c0a79ac0f414a9f8947cc407e119b8598de7621f39cacadae3cf57d12",
                "sha256:76ffebb907bec09ff511bb3acc077695e2c32bc2142819491579a695f77ffd4d",
                "sha256:7cb81373984cc0e4682f31bc3d6be9026006d96eecd07ea49aafb06897746452",
                "sha256:7ee83d3e3a024a9618e5be64648d6d11c37047ac48adff25f12fa4226cf23d1c",
                "sha256:854c33dad5ba0fbd6ab69185fec8dab89e13cda6b7d191ba111987df74f38761",
                "sha256:87fdccbb6bb589095f413b1e05734ba492c962b4a45a13ff3408fa44ffe6479b",
                "sha256:88c63a1b55f352b02c6ffd24b15ead9fc0e8bf781dbe070213039324922a2eea",
                "sha256:8a674ac10e0a87b683f4fa2b6fa41090edfd686a6524bd8dedbd6138b309175c",
                "sha256:93130612b837103e15ac3f9cbacb4613f9e348b58b3aad53721d92e57f96d46a",
                "sha256:9744a863b489c79a73aba014df554b0e7a0fc44ef3f8a0ef2a52919c7d155031",
                "sha256:9749a124280a0ada4187a6cfd1ffd35c350fb3af79c706589d98e088c5044267",
                "sha256:97f715cf371b16ac88b8c19da00029804e20e25f30d80203417255d239f228b5",
                "sha256:9bf919756d25e4114ace16a8ce91eb340eb57a08e2c6950c3cebcbe3dff2a5e7",
                "sha256:9d12cf2851759b8de8ca5fde36a59c08210a97ffca0eb94c532ce7b17c6a3d1d",
                "sha256:a72661af47119a80d82fa583b554095308d6a4c356b2a554fdc2799bc19f2a43",
                "sha256:afde17ae04d90fbe53afb628f7f2d4ca022797aa093e809de5c3cf276f61bbfa",
                "sha256:b663f1e02de5d0573610756398e44c130add0eb9a3fc912a09665332942a2efb",
                "sha256:c2415d9d082152460f2bd4e382a1e85aed233abc92db5a3880da2257dc7daf7b",
                "sha256:c83aa123d56f2e060644427a882a36b3c12db93727ad7a7b9efd7d7f3e9cc2c4",
                "sha256:cfc391f4429ee0a9370aa93d812a52e1fee0f37a81861f4fdd1f4fb28e8547c3",
                "sha256:db844eb158a87ccab83e868a762ea8024ae27337fc7ddcbfcddd157f841fdfe7",
                "sha256:defed7ea5f218a9f2336301e6fd379f55c655bea65ba2476346340a0ce6f74a1",
                "sha256:e16eb9541f3dd1a3e92b89005e37b1257b157b7256df0e36bd7b33b50be73bcb",
                "sha256:f909bbbc433048b499cb9db9e713b5d8d949e8c109a2a548502fb9aa8630f0b1"
            ],
            "markers": "platform_python_implementation == 'CPython'",
            "version": "==1.0.9"
        },
        "certifi": {
            "hashes": [
                "sha256:78884e7c1d4b00ce3cea67b44566851c4343c120abd683433ce934a68ea58872",
                "sha256:d62a0163eb4c2344ac042ab2bdf75399a71a2d8c7d47eac2e2ee91b9d6339569"
            ],
            "index": "pypi",
            "version": "==2021.10.8"
        },
        "cffi": {
            "hashes": [
                "sha256:00c878c90cb53ccfaae6b8bc18ad05d2036553e6d9d1d9dbcf323bbe83854ca3",
                "sha256:0104fb5ae2391d46a4cb082abdd5c69ea4eab79d8d44eaaf79f1b1fd806ee4c2",
                "sha256:06c48159c1abed75c2e721b1715c379fa3200c7784271b3c46df01383b593636",
                "sha256:0808014eb713677ec1292301ea4c81ad277b6cdf2fdd90fd540af98c0b101d20",
                "sha256:10dffb601ccfb65262a27233ac273d552ddc4d8ae1bf93b21c94b8511bffe728",
                "sha256:14cd121ea63ecdae71efa69c15c5543a4b5fbcd0bbe2aad864baca0063cecf27",
                "sha256:17771976e82e9f94976180f76468546834d22a7cc404b17c22df2a2c81db0c66",
                "sha256:181dee03b1170ff1969489acf1c26533710231c58f95534e3edac87fff06c443",
                "sha256:23cfe892bd5dd8941608f93348c0737e369e51c100d03718f108bf1add7bd6d0",
                "sha256:263cc3d821c4ab2213cbe8cd8b355a7f72a8324577dc865ef98487c1aeee2bc7",
                "sha256:2756c88cbb94231c7a147402476be2c4df2f6078099a6f4a480d239a8817ae39",
                "sha256:27c219baf94952ae9d50ec19651a687b826792055353d07648a5695413e0c605",
                "sha256:2a23af14f408d53d5e6cd4e3d9a24ff9e05906ad574822a10563efcef137979a",
                "sha256:31fb708d9d7c3f49a60f04cf5b119aeefe5644daba1cd2a0fe389b674fd1de37",
                "sha256:3415c89f9204ee60cd09b235810be700e993e343a408693e80ce7f6a40108029",
                "sha256:3773c4d81e6e818df2efbc7dd77325ca0dcb688116050fb2b3011218eda36139",
                "sha256:3b96a311ac60a3f6be21d2572e46ce67f09abcf4d09344c49274eb9e0bf345fc",
                "sha256:3f7d084648d77af029acb79a0ff49a0ad7e9d09057a9bf46596dac9514dc07df",
                "sha256:41d45de54cd277a7878919867c0f08b0cf817605e4eb94093e7516505d3c8d14",
                "sha256:4238e6dab5d6a8ba812de994bbb0a79bddbdf80994e4ce802b6f6f3142fcc880",
                "sha256:45db3a33139e9c8f7c09234b5784a5e33d31fd6907800b316decad50af323ff2",
                "sha256:45e8636704eacc432a206ac7345a5d3d2c62d95a507ec70d62f23cd91770482a",
                "sha256:4958391dbd6249d7ad855b9ca88fae690783a6be9e86df65865058ed81fc860e",
                "sha256:4a306fa632e8f0928956a41fa8e1d6243c71e7eb59ffbd165fc0b41e316b2474",
                "sha256:57e9ac9ccc3101fac9d6014fba037473e4358ef4e89f8e181f8951a2c0162024",
                "sha256:59888172256cac5629e60e72e86598027aca6bf01fa2465bdb676d37636573e8",
                "sha256:5e069f72d497312b24fcc02073d70cb989045d1c91cbd53979366077959933e0",
                "sha256:64d4ec9f448dfe041705426000cc13e34e6e5bb13736e9fd62e34a0b0c41566e",
                "sha256:6dc2737a3674b3e344847c8686cf29e500584ccad76204efea14f451d4cc669a",
                "sha256:74fdfdbfdc48d3f47148976f49fab3251e550a8720bebc99bf1483f5bfb5db3e",
                "sha256:75e4024375654472cc27e91cbe9eaa08567f7fbdf822638be2814ce059f58032",
                "sha256:786902fb9ba7433aae840e0ed609f45c7bcd4e225ebb9c753aa39725bb3e6ad6",
                "sha256:8b6c2ea03845c9f501ed1313e78de148cd3f6cad741a75d43a29b43da27f2e1e",
                "sha256:91d77d2a782be4274da750752bb1650a97bfd8f291022b379bb8e01c66b4e96b",
                "sha256:91ec59c33514b7c7559a6acda53bbfe1b283949c34fe7440bcf917f96ac0723e",
                "sha256:920f0d66a896c2d99f0adbb391f990a84091179542c205fa53ce5787aff87954",
                "sha256:a5263e363c27b653a90078143adb3d076c1a748ec9ecc78ea2fb916f9b861962",
                "sha256:abb9a20a72ac4e0fdb50dae135ba5e77880518e742077ced47eb1499e29a443c",
                "sha256:c2051981a968d7de9dd2d7b87bcb9c939c74a34626a6e2f8181455dd49ed69e4",
                "sha256:c21c9e3896c23007803a875460fb786118f0cdd4434359577ea25eb556e34c55",
                "sha256:c2502a1a03b6312837279c8c1bd3ebedf6c12c4228ddbad40912d671ccc8a962",
                "sha256:d4d692a89c5cf08a8557fdeb329b82e7bf609aadfaed6c0d79f5a449a3c7c023",
                "sha256:da5db4e883f1ce37f55c667e5c0de439df76ac4cb55964655906306918e7363c",
                "sha256:e7022a66d9b55e93e1a845d8c9eba2a1bebd4966cd8bfc25d9cd07d515b33fa6",
                "sha256:ef1f279350da2c586a69d32fc8733092fd32cc8ac95139a00377841f59a3f8d8",
                "sha256:f54a64f8b0c8ff0b64d18aa76675262e1700f3995182267998c31ae974fbc382",
                "sha256:f5c7150ad32ba43a07c4479f40241756145a1f03b43480e058cfd862bf5041c7",
                "sha256:f6f824dc3bce0edab5f427efcfb1d63ee75b6fcb7282900ccaf925be84efb0fc",
                "sha256:fd8a250edc26254fe5b33be00402e6d287f562b6a5b2152dec302fa15bb3e997",
                "sha256:ffaa5c925128e29efbde7301d8ecaf35c8c60ffbcd6a1ffd3a552177c8e5e796"
            ],
            "version": "==1.15.0"
        },
        "charset-normalizer": {
            "hashes": [
                "sha256:1eecaa09422db5be9e29d7fc65664e6c33bd06f9ced7838578ba40d58bdf3721",
                "sha256:b0b883e8e874edfdece9c28f314e3dd5badf067342e42fb162203335ae61aa2c"
            ],
            "markers": "python_version >= '3'",
            "version": "==2.0.9"
        },
        "cryptography": {
            "hashes": [
                "sha256:0a817b961b46894c5ca8a66b599c745b9a3d9f822725221f0e0fe49dc043a3a3",
                "sha256:2d87cdcb378d3cfed944dac30596da1968f88fb96d7fc34fdae30a99054b2e31",
                "sha256:30ee1eb3ebe1644d1c3f183d115a8c04e4e603ed6ce8e394ed39eea4a98469ac",
                "sha256:391432971a66cfaf94b21c24ab465a4cc3e8bf4a939c1ca5c3e3a6e0abebdbcf",
                "sha256:39bdf8e70eee6b1c7b289ec6e5d84d49a6bfa11f8b8646b5b3dfe41219153316",
                "sha256:4caa4b893d8fad33cf1964d3e51842cd78ba87401ab1d2e44556826df849a8ca",
                "sha256:53e5c1dc3d7a953de055d77bef2ff607ceef7a2aac0353b5d630ab67f7423638",
                "sha256:596f3cd67e1b950bc372c33f1a28a0692080625592ea6392987dba7f09f17a94",
                "sha256:5d59a9d55027a8b88fd9fd2826c4392bd487d74bf628bb9d39beecc62a644c12",
                "sha256:6c0c021f35b421ebf5976abf2daacc47e235f8b6082d3396a2fe3ccd537ab173",
                "sha256:73bc2d3f2444bcfeac67dd130ff2ea598ea5f20b40e36d19821b4df8c9c5037b",
                "sha256:74d6c7e80609c0f4c2434b97b80c7f8fdfaa072ca4baab7e239a15d6d70ed73a",
                "sha256:7be0eec337359c155df191d6ae00a5e8bbb63933883f4f5dffc439dac5348c3f",
                "sha256:94ae132f0e40fe48f310bba63f477f14a43116f05ddb69d6fa31e93f05848ae2",
                "sha256:bb5829d027ff82aa872d76158919045a7c1e91fbf241aec32cb07956e9ebd3c9",
                "sha256:ca238ceb7ba0bdf6ce88c1b74a87bffcee5afbfa1e41e173b1ceb095b39add46",
                "sha256:ca28641954f767f9822c24e927ad894d45d5a1e501767599647259cbf030b903",
                "sha256:e0344c14c9cb89e76eb6a060e67980c9e35b3f36691e15e1b7a9e58a0a6c6dc3",
                "sha256:ebc15b1c22e55c4d5566e3ca4db8689470a0ca2babef8e3a9ee057a8b82ce4b1",
                "sha256:ec63da4e7e4a5f924b90af42eddf20b698a70e58d86a72d943857c4c6045b3ee"
            ],
            "index": "pypi",
            "version": "==36.0.1"
        },
        "func-timeout": {
            "hashes": [
                "sha256:74cd3c428ec94f4edfba81f9b2f14904846d5ffccc27c92433b8b5939b5575dd"
            ],
            "index": "pypi",
            "version": "==4.3.5"
        },
        "fuzzywuzzy": {
            "hashes": [
                "sha256:45016e92264780e58972dca1b3d939ac864b78437422beecebb3095f8efd00e8",
                "sha256:928244b28db720d1e0ee7587acf660ea49d7e4c632569cad4f1cd7e68a5f0993"
            ],
            "index": "pypi",
            "version": "==0.18.0"
        },
        "idna": {
            "hashes": [
                "sha256:84d9dd047ffa80596e0f246e2eab0b391788b0503584e8945f2368256d2735ff",
                "sha256:9d643ff0a55b762d5cdb124b8eaa99c66322e2157b69160bc32796e824360e6d"
            ],
            "markers": "python_version >= '3'",
            "version": "==3.3"
        },
        "ipaddress": {
            "hashes": [
                "sha256:6e0f4a39e66cb5bb9a137b00276a2eff74f93b71dcbdad6f10ff7df9d3557fcc",
                "sha256:b7f8e0369580bb4a24d5ba1d7cc29660a4a6987763faf1d8a8046830e020e7e2"
            ],
            "index": "pypi",
            "version": "==1.0.23"
        },
        "multivolumefile": {
            "hashes": [
                "sha256:237f4353b60af1703087cf7725755a1f6fcaeeea48421e1896940cd1c920d678",
                "sha256:a0648d0aafbc96e59198d5c17e9acad7eb531abea51035d08ce8060dcad709d6"
            ],
            "markers": "python_version >= '3.6'",
            "version": "==0.2.3"
        },
        "myutils": {
            "hashes": [
                "sha256:3ade4cb5a49ea05859c9329892e34dc9b6109aa13d72864584dddb259addda1a"
            ],
            "index": "pypi",
            "version": "==0.0.21"
        },
        "py7zr": {
            "hashes": [
                "sha256:58b200cfddf91b92e1f8d092db2b7ad2a09e39e9217e7b5c1a7c86a4ff7d772b",
                "sha256:6856a6a38a0d48df84c30e69b33f1b0854ea87eafe2d3261cb553adba6f12ac4"
            ],
            "index": "pypi",
            "version": "==0.17.2"
        },
        "pybcj": {
            "hashes": [
                "sha256:07a734292eee8de4f33b9c871d8e854be226cc5b617df5a52e5481336310efc1",
                "sha256:0c191add6959a2f4d7794b6ca4d2bbdba1981879fa7db499963fcbd3734d8d32",
                "sha256:1637ec4e6a359e072a46a18669ca860c9637995d62470e916d88bc4dd0928956",
                "sha256:1846cc1941fe6e3912d444f9e2d088ae1d77ba7c69707f336069383f35ffe946",
                "sha256:1988ab436f6b2c02d5ced885164fd9928ea35f506470b14c75fa44ccc7bd3116",
                "sha256:1be462c6a3663646db7205ff3be951c00ab0cd79445c89e3b19af656d2a108c6",
                "sha256:26ae2b578347b7695fe634fd67dd7de52f71594af485e1a809a26c17ef200b48",
                "sha256:2b74f5d6db8d805634660aa846f1dd19dcef54b0ab5705468606d309db24a8fb",
                "sha256:2c0ab86c2f1053dd94638d591b9418f09160973b61f988b68623de37e2ddadd8",
                "sha256:472722e2a5e41483215421bbc415563ff4d80bd828b8873801c7a6249756e580",
                "sha256:4d39ed9c2a3ffcab889da8ba1f3b111401e0b63c6b964aaa6b89e1cb7ad93286",
                "sha256:506a53d1ae7adf0e51aa27b694eebf8629b7cf9d1a38ded1a476907fe847cbec",
                "sha256:59380fa89c80b08487b2bfe4a9f7ada8b4579b3fbd4167bcd53b7e4c94bf6b51",
                "sha256:5d022f3399596a9af7f56f7748e22d57e1c569f203d91c8fa528afd6d3271631",
                "sha256:6d2bb4e99276304bf137178f597107a7f1c71f7612d8779bfc9a6b76acb410df",
                "sha256:82422d7c367d4de8eb1562ca94cd1236ad82ecf1bea3ff6d562b6d28265c39fc",
                "sha256:8de74f338874c698e405a72181eb0ea2e011ed5a6567e0feca524275f113bb0f",
                "sha256:9621b61ed9ed59fa832d7726637ff5bdd1951875edcc28df5a4407ec6107d217",
                "sha256:970fd92939310c60c1de145838c2445351a41dfb4c007336657498e30322cc69",
                "sha256:98b9a0e7646e369d330243d7f973b778218571514dd04435fa181a46cf8b81c2",
                "sha256:9c93bc3270269af476a9dd722a0e29f4d0ab6dff664231049666eee7ac29ed90",
                "sha256:9ed24c9ab38e14d1d151979187608ecede1a5c5cdf328d256c97f414a6046898",
                "sha256:ac0a834e371967a8542a0af940162b1c99a56f10c91030ce2db42eaa5304539b",
                "sha256:ac125422441dc45480e07891ef2fc2999aa8dd00474c1282580e96b3b2445e25",
                "sha256:ac5e907d02966fb179191830858230ab9d4ab0e255f449045c32aa5aee040b2c",
                "sha256:b350ffdab4bd260571e19f083e02326ad22b7fe60eaed1b062fd28b8f95046e3",
                "sha256:c93bfa93105a2b871d599a4a9443237d5c0a46905af5d140118f39810f1b5a9d",
                "sha256:cc28f1af35786cab701aea939cfe268348d0ec9f347df7c49c28c8c6421ba3b4",
                "sha256:db30601a7aafd673a2b797e77c2cf2becf59ea8adb89adf1e661576f30cbe040",
                "sha256:e28714234bd55959978758da86917979876c54741c6aafaf6af20814d3be64df",
                "sha256:e42770d7748c7bb1f1dec89bbc8d9d9dcd8cf82292437129f71a03e050ffe626",
                "sha256:eda47314cd03b564f66641d207480a29f9001b1dcc9e85b8f2a0148067fbb78d",
                "sha256:f479bbf66f0909176a48b34a469ae65d51c8482a1756032bedeaa7bc73e824d8",
                "sha256:f8dc9225c7d98959a89bb27a302b9d46e0dab1af9211014e1a4d71462eb84b28"
            ],
            "markers": "platform_python_implementation == 'CPython'",
            "version": "==0.5.0"
        },
        "pycparser": {
            "hashes": [
                "sha256:8ee45429555515e1f6b185e78100aea234072576aa43ab53aefcae078162fca9",
                "sha256:e644fdec12f7872f86c58ff790da456218b10f863970249516d60a5eaca77206"
            ],
            "markers": "python_version >= '2.7' and python_version not in '3.0, 3.1, 3.2, 3.3'",
            "version": "==2.21"
        },
        "pycryptodomex": {
            "hashes": [
                "sha256:08c809e9f4be8d4f9948cf4d5ebc7431bbd9e1c0cd5ff478d0d5229f1bc4ad50",
                "sha256:097095a7c24b9e7eec865417f620f78adf218162c03b68e4fde194bf87801a67",
                "sha256:0981e8071d2ee457d842821438f833e362eed9a25a445d54ad7610b24293118f",
                "sha256:1bd9d158afa33dca04748b23e7b9d4055f8c8015ace2e972a866519af02d5eed",
                "sha256:1f6c370abf11546b1c9b70062918d601ac8fb7ff113554601b43175eed7480ef",
                "sha256:2595b7be43b8b2da953ea3506a8d71c07fc9b479d5c118b0c44a5eca2a1664f6",
                "sha256:2d173a5db4e306cd32558b1a3ceb45bd2ebeb6596525fd5945963798b3851e3d",
                "sha256:33c06d6819a0204fac675d100f92aa472c704cd774a47171a5949c75c1040ed6",
                "sha256:3559da56e1045ad567e69fcc74245073fe1943b07b137bfd1073c7a540a89df7",
                "sha256:3bfa2936f8391bfaa17ed6a5c726e33acad56d7b47b8bf824b1908b16b140025",
                "sha256:4361881388817f89aa819a553e987200a6eb664df995632b063997dd373a7cee",
                "sha256:43af464dcac1ae53e6e14a0ae6f08373b538f3c49fb9e426423618571edfecff",
                "sha256:44097663c62b3aa03b5b403b816dedafa592984e8c6857a061ade41f32a2666e",
                "sha256:4cbaea8ab8bfa283e6219af39624d921f72f8174765a35416aab4d4b4dec370e",
                "sha256:5b0fd9fc81d43cd54dc8e4b2df8730ffd1e34f1f0679920deae16f6487aa1414",
                "sha256:676d9f4286f490612fa35ca8fe4b1fced8ff18e653abc1dda34fbf166129d6c2",
                "sha256:79ad48096ceb5c714fbc4dc82e3e6b37f095f627b1fef90d94d85e19a19d6611",
                "sha256:83379f1fd7b99c4993f5e905f2a6ddb9003996655151ea3c2ee77332ad009d08",
                "sha256:88dc997e3e9199a0d67b547fba36c6d1c54fca7d83c4bfe0d3f34f55a4717a2c",
                "sha256:8c5b97953130ff76500c6e8e159f2b881c737ebf00034006517b57f382d5317c",
                "sha256:922e9dac0166e4617e5c7980d2cff6912a6eb5cb5c13e7ece222438650bd7f66",
                "sha256:9c037aaf6affc8f7c4f6f9f6279aa57dd526734246fb5221a0fff3124f57e0b1",
                "sha256:a896b41c518269c1cceb582e298a868e6c74bb3cbfd362865ea686c78aebe91d",
                "sha256:b1a6f17c4ad896ed628663b021cd797b098c7e9537fd259958f6ffb3b8921081",
                "sha256:b5ddaee74e1f06af9c0765a147904dddacf4ca9707f8f079e14e2b14b4f5a544",
                "sha256:d55374ebc36de7a3217f2e2318886f0801dd5e486e21aba1fc4ca08e3b6637d7",
                "sha256:ddac6a092b97aa11d2a21aec33e941b4453ef774da3d98f2b7c1e01da05e6d5e",
                "sha256:de9832ac3c51484fe1757ca4303695423b16cfa54874dae9239bf41f50a2affa",
                "sha256:e42a82c63952ed70be3c13782c6984a519b514e6b10108a9647c7576b6c86650",
                "sha256:ea8e83bf4731a2369350d7771a1f2ef8d72ad3da70a37d86b1374be8c675abd0"
            ],
            "markers": "python_version >= '2.7' and python_version not in '3.0, 3.1, 3.2, 3.3, 3.4'",
            "version": "==3.12.0"
        },
        "pymysql": {
            "hashes": [
                "sha256:41fc3a0c5013d5f039639442321185532e3e2c8924687abe6537de157d403641",
                "sha256:816927a350f38d56072aeca5dfb10221fe1dc653745853d30a216637f5d7ad36"
            ],
            "index": "pypi",
            "version": "==1.0.2"
        },
        "pyopenssl": {
            "hashes": [
                "sha256:5e2d8c5e46d0d865ae933bef5230090bdaf5506281e9eec60fa250ee80600cb3",
                "sha256:8935bd4920ab9abfebb07c41a4f58296407ed77f04bd1a92914044b848ba1ed6"
            ],
            "index": "pypi",
            "version": "==21.0.0"
        },
        "pyppmd": {
            "hashes": [
                "sha256:05a4765833623d5cc1c9afc27d9b05fb64f0319711beffe0b44d9695eb1beb0a",
                "sha256:0ea7dfc891b31814f1f0ffa83993c926386b072ce82ec0220309c5ad304c961e",
                "sha256:11abce835dbb5cb50b1fac8b47806543dddd25222ca3d145ff631a35b30f4851",
                "sha256:16b912f6349907fc65dc0641b89cdb1081d3656d3b25fe17573d97f725b0bdae",
                "sha256:16d9a5a2f15b3621aa298afc3a24d1a67138814b0664c55fbc8acba5b2e24a9e",
                "sha256:17b26cf27880a4b781ba0a1e0776953ad340a5f9a04858bdd0c9ec23397c5009",
                "sha256:1bed382ad79b096113c59bae67ac7d44c90db7bb6b56bf5caff50a296d3f01d0",
                "sha256:1fd9f07926bb35556c91a71e0d8590d9e3c0e169641e8e33723e09fc970f6e37",
                "sha256:218c9f875515544d0ae15b5ee759671273676ff51d404299ec8532c575815e24",
                "sha256:238da1067df6d7c831c116eb72ffe3d134ccca22d22f7f0e8d2341a5f6f65f66",
                "sha256:29018a9c1b6bf76b0811701377380eb58c23518bd0545ed8ff139d819e830dc9",
                "sha256:3168963998c998021f10f629cc53b6d6ba1651512c7663b8e7f78e50e80e7ee7",
                "sha256:363392f5aa61606888a6ecaa84dbc069a69817dfc2807949c94c0f58283b21d3",
                "sha256:38ea4b52a81db647ae8ea98a8420e1745126a6aac384f1b4a0e648e9e3b24d6f",
                "sha256:397e32cabf202e330cfda18ac178105994f09c3359c7543523e30fddb8911947",
                "sha256:3ceb570f7d020a0d836c7291240f9fe599a94f96db7974851e8ebf3ee6ea0319",
                "sha256:4fb9c82f10668bc44dfea73e5b575e3b1660b920d4372e52b5d0190ff2351095",
                "sha256:5b2358d8872bf15cbc928abf00099b080f5c94249ec03c2aca458a56930b8e8b",
                "sha256:5ea9657b81c42b29cf667b92247bb4cb7795ce88197ffa2f86a2a2963bc5c96c",
                "sha256:6113c06a6683ece929da8441c14f543a58c2fbc2a644a869405d425fb555cb9b",
                "sha256:6397c98e68e24b001443f9fc1fa9f7e1914234d2f20b5e735cbd2d37e9403ed2",
                "sha256:6540cc2ab360097789d66c86e3ec5d5deedac7419a932cdc25887c792b5b9cfe",
                "sha256:7bbd2b9efef33f53f3d275e5d2bb67677b6815d643df52b968d878938e36a33b",
                "sha256:7d0aca532fe8c78ff3ff0785c86085ef914ff8413c332b1d0236a307eb183261",
                "sha256:7fccccecc5859601f0bb354ab1acca036f6ac441cb9c5cc487a7bee7f94af240",
                "sha256:81d8b3b6d1d48eeec95271096aeae6ee01f507498f4a69ea9a877a11fa7a6a38",
                "sha256:85c9e3ec34474c9d643ba3b454368a631d509ddea4bfa2ce75d33c77df744ad7",
                "sha256:8c51f1033c20b4f2b7941b25583004ff4965eb30991f765a380a6faadb782f68",
                "sha256:8cb2dc9473da2592fc3f4e808816c61b3aa93e9fb82d2b18c8ae8c490b3e5fe3",
                "sha256:98174d4854c00cafa569c85081e44764d2e7e46d2d0516b7e5126bbb97a95d8a",
                "sha256:a19e8c643feba718b764be2284013f3bdcd6d85862ec478d603f9dcfad2fe2f0",
                "sha256:a3158c1b636994e95c10dcf76aeab706fc791f40b647aac31b085c341ad0a4af",
                "sha256:a556fc8ffc84efa444571668bdeb007bfca270504a644b2b97c9c4476b9fd936",
                "sha256:a876190bf95d9821ac2a605164ed413bc39656f66e9e1a33e1d05bde4885f45c",
                "sha256:a9a18de2cfab2e6087e21aeb2fdeb27d16fe6e8209bbff92d94bf0c573e0db26",
                "sha256:b0e74fbd0f8c569fa4fbba978be51744e0ba1c9b0ee3bee3c1bf36f56cca6870",
                "sha256:b5f83bea8de97b14e984d2d5a8e363a7dee121d7046ae568a16695287a6958d6",
                "sha256:b901abc276bab94354a67d2b5d099b4baaedaddb890fd6de21dc60b8d2e84789",
                "sha256:ba329609e7ec170a8794f258cc88100a7138c0a8842c75eff0a5574d5c26c5ec",
                "sha256:be0d4d9339ef1de0f2f6543dd3db00f2a65a09ff8d678bcb99f98f3c069e583d",
                "sha256:c2430f7675b08bdf166c48ee22e748bec60d2ba8ab9b4cdf9d6d09ed5c36c9b2",
                "sha256:c5348a81021923e93094c296a40f6cd9cae32d1fe590daefee94861cbbddf9bd",
                "sha256:ca8e723edc3bab2bd256180a11531a31a6aaaf0c52487ca99b36adc15e031c81",
                "sha256:d6a8963e61199e9b5afd24ea88644fe39d26614b99816e09f7837a5546390b57",
                "sha256:dc4d658812214be7ce60fffdb8c13ee6c55ef1388a3005ddff57da5a2bcec9f2",
                "sha256:dd5043e0755ad7b4382b17bc0aaf227364fcf214cc4f75681cb72a02e12cc675",
                "sha256:dedac8b59f568e8f1aa241d154180455dc46e61f577df452dcc224fb11f57639",
                "sha256:def037ed2689017009c905513b806ac3ebecd36637d7755f1f3524bfe0865894",
                "sha256:e4a6ed1f821ba007e79f4a2f9b19ea79a7d46a3a3d08f2ad8bf53c8da35f4d34",
                "sha256:eab127eb2f1d4827f1b5df14f493f91715ae8923428c9d918448e71f4577364a",
                "sha256:ed92a898dc0f4b78b5b641b3c6c2cbcfc89e974959e7c53c9cbe8f8538b3ec32",
                "sha256:f46a22f488011d22f7ca0964aea714b08a49755a482be830ad486cc5bce5b4d7",
                "sha256:f7027bee11264cb01f75e97157c34cfee98e1feb55eeec051a8ea78afd853ead",
                "sha256:fd5939d1c37cf2da9077e3c3a5ce5895d24b2b141842374457622f9eae8cac87"
            ],
            "markers": "python_version >= '3.6'",
            "version": "==0.17.3"
        },
        "python-levenshtein": {
            "hashes": [
                "sha256:dc2395fbd148a1ab31090dd113c366695934b9e85fe5a4b2a032745efd0346f6"
            ],
            "index": "pypi",
            "version": "==0.12.2"
        },
        "pyzstd": {
            "hashes": [
                "sha256:0177e1ee70adf11af45693d5361ddde70b7e9baca47db0d10bbfd451a49f6b02",
                "sha256:0750aee588cadcc2ee069a149c8f32e2e6eb04b8c1365bdfe26383c692b8ab2f",
                "sha256:0a54f145d6dcf17e0bbb006100d41a97f77b2771cd56f1a4710077c0d5e3cf6d",
                "sha256:0da559457d779d040a0cd1e28aeb460404d29701c9dfced14138a3a9eb38703e",
                "sha256:10f27a972af6a1e8e3044c8097435c87fcf0c670224064d606c8bca353b8d179",
                "sha256:1176a7e3dc3f044b514b591e51bf377157af70bad2fba2c627883ac0fe35a630",
                "sha256:1b05ad1bed0e416fa4466a63bafbab53000f307907d63666566babc59ae584a9",
                "sha256:1b90941306f83b757ac2b8de39afc07c7805ba964f3b137fd01ecacc9d7556da",
                "sha256:1cdad429c806e525a334f44526066dc621428818df308864e0446e7f0ab3b60c",
                "sha256:1d9a9285e042309f87481a49e23cb721765eb51f740d22c3709b5ae2855b1b89",
                "sha256:1dd140c1e6b8c78334b4ab9bde7d942ae88418a0100307175b54e9c72489fb5b",
                "sha256:1e681d84903c1b48e63ffe5dc572d2fd224eb6b0c9dc94a15a524cf03646423f",
                "sha256:21ebc05ff3b6cecb18a24dabe009d73334666a08543c4c625334db66f80e38e2",
                "sha256:23af4a3c0656f3bafd8ff595922ee8ee3bd0bf8f8275e620f145b49052dfc948",
                "sha256:23d3ed02ca18ac698c01cd151e752e88ff690e4dd6f4944e2688509e9caba4d4",
                "sha256:2803e61cbf0d93c7be93a8098ea48eba8fd76ed6df015e08d03560a50e5e573a",
                "sha256:280b713909404b30cda0b110f2f974dd1908e704618d99fb48a5e80ee2cccd28",
                "sha256:2b3d18158cbef452df0cb9f9c21e0856ac7a0145d868cf4364ee4c4fac1716cb",
                "sha256:350e24fad8e46e57233aeb8a060cbbea0312922c1a86849ab0ab6f78f0a5bc2d",
                "sha256:39b376b67569636bea4842f5a3c36f3b552c3f582da1800ab72d72acdedcd7eb",
                "sha256:3f9195be17294bc487c70835cf18eaebc87b4d03002469165365fb37a081e7ac",
                "sha256:47fcbc70a7eb11c321064759c0b3ba0c7966b48183773100b38f426bd8f990a3",
                "sha256:4a66f7aaf82ecfa4c295604fd644394bd96e1b1bf391a1ec3098784a43402d26",
                "sha256:50127e4cdcfbae4bda58a1ba2e962c213d4c987a9f30bfb2d4712ef7f4945b94",
                "sha256:568b107266de0ecc62997b83668510167348776b5e57ad04328ab29f4dcac1d3",
                "sha256:57b3f3e1bf1ed355fe2d67d1a86d04f38780c100a46ca4b097c144afd68efebf",
                "sha256:5cb068dfbea8a715dd87d50f1606162035f706008bbc26210e917e3cf0f05d6f",
                "sha256:5e5823aa39b562b9f25a16bb892e07c8ba84ecbce3799e268c724060beb5dc83",
                "sha256:60fed1c7650a7734f7a7ca8c61a25efd6236514a3f3bacb91212925f4f8f1f69",
                "sha256:623887a23c996477ebac3cff88b03a083ee700c77fcccdf9cca35b39c5f320a5",
                "sha256:65b45a2a594e99faa1bc38924c33e9937d4aea9f6a364bad5db35ac0f77a09ee",
                "sha256:665069eed551f606fb6bb9a615a9ba86ac2e66f031c5eb69a88dd6de6a002e30",
                "sha256:66af22022fbcc3bcca1c8c1d89881195a66733cedf22bad639aaedbccf5acf51",
                "sha256:6a7f3b921d6b7ccf8a43ce7efece9c5d16e2b5810920ab4eb15c11098bfc3023",
                "sha256:6e09cad1a1f02133a6fcbfcaaaee6193d8f315f28392d6e6a6a93135b9f95a7e",
                "sha256:73ee0c700f77ad0e1a005d440ca9eb94d9d2f962f1974f12f8e4819da5f7a056",
                "sha256:750f83ba34d904c1fca104742f0a2dbeaf371cd8ee6e0d975869d4d0e002085e",
                "sha256:761809b31645332dc666471583ba51ee391141e342def5985e55d187a44f31d9",
                "sha256:77983de78b1ce65d0143a8ce5c859320d4b75673ecfbcf54c8bbb9d88dc5d4e4",
                "sha256:7aa068dbcb2cf91e041e246ddf330f346e84adcc88b057317ea90646ec1be06d",
                "sha256:7d4cd3d1efeb3b7ef180c614300a792dc56f2f815fcd7b97f2773c766d96c0c0",
                "sha256:7db21d58da141f5299b4818eb64263f870733bb7fa2d3546d254ef6a0e88a960",
                "sha256:7f3d023c1406a2a46b49c94ba356dfe37d0880f6939b1492a35e01f4a395d9e7",
                "sha256:879743850f970af7997e7a9f64ae4da19d14709b7857c5c3a739b41b75a850ea",
                "sha256:8c77d248c6cc3b42322b61b6f24c54a5441b877e6ff07e1c9702ff911e016eae",
                "sha256:8d6dd3dacc98abec10b3b9e5df3222f0bcaa2b0283f178c1b31e8805d1ecc0dc",
                "sha256:9170be5c4695c4f4c2aff198749146d08d958a6566adff149a28ddd3897b1353",
                "sha256:959ead0d3ecee020b60e3d7ba68462bd8f1ae44d4b7c9283e57ac8e3b7bd3228",
                "sha256:974f1c1904f6b4b8f37d0eb1ae2a69a7d8f4a640bcbdecb20f7408fd8bd9638a",
                "sha256:97deef7bdc2ff5cba9f22c3fa73fd948a5803add7d0232f0fc8f81a231747b22",
                "sha256:99261d09ca6a8db649a631ad98398165a1ee23d4f696e58e17ae567799f7f6c8",
                "sha256:99dfd81fa9e2e8f5aa56b5b793e01a78b93f30a536e6274746d55ba3e39efbc5",
                "sha256:a4eb2b54114655afe3d9ae419eb7dce45821c02acc97ab2d1cc6346f92847368",
                "sha256:a5e57904fcf5651d163684d0f0536c3669c9912ceb88dba4b73f1514e989a6cf",
                "sha256:a62b94b8382342300c32c3c5721fd26dc0a4ed475488390d2e4ba5cba45cdf27",
                "sha256:ac4e86e7db7cb38d40b06508985ab0d44717e9edde57395855dc4806aafbf677",
                "sha256:adfc1d6bf88f2f610a0175929f45938557b908a92e5312c04c07651444f17621",
                "sha256:b016b861234308122c0d517410898657738ca9b90c880bbff866202bffd87bc4",
                "sha256:b0763cb3120c16f9a9f84f144d743beae6060ec66059fdeb7a2d739666a5eb7b",
                "sha256:b86d0c1f257f1a562aff9390bd4e0c10498ab0491615531005f331ccdec8a296",
                "sha256:bc39cd5fef2ffa452f53abf7e0d208b6a22f2dbdc1152dfe976ef0d9d28c7d77",
                "sha256:bd4dbc1ad54c8bfb9812792846a867c3bff28018c8da76ad66c5277e667416a7",
                "sha256:c17b3f0d149b616fc62ab22ee0e4edf1c4662bca93bac7895887f8b7353b3dd3",
                "sha256:c1dbe1fe01a9f2f260afe2361d44ed942677e5925d187b9da718f2dec1c26c02",
                "sha256:c23027ea1213781d847aa9f5f8321879a7df874257adc744e91c4ac1bb2be117",
                "sha256:c360e025e3796ecc1b67c2b08d6fb4c84bda0d8433c764672918b5528a2a9183",
                "sha256:c9282dab0b7d536d2dd016f8376fee3a87021687d3e602666de8910726b282e7",
                "sha256:ca6ccc0cff331b675db7c625cde31585a096e45e4efc26f15dc9cd0d816a71a3",
                "sha256:ca6e5eb8dee0cb25ddc003a6767af6677391f88f8a10ffe1bb0c227fb7ec3d96",
                "sha256:cc81f901a98164c61b9bd5bc0bf9ac05d79ee1a97564d7866427db884ce5a171",
                "sha256:d0a2a4f37ca9a8eac5c4be9a58ec31f1155a43243fdafd29bdf07cf144a2960d",
                "sha256:d901aa80f067d5cc94751de0b4d6ef39269d92e6cd760120a825e1f5a400f2ad",
                "sha256:dc04ef8f614610b4b40ef8f5eb6723a5457042a60f9099866e9aa66ba3744246",
                "sha256:e881ff1b86b40c24b0d1cf4d80274e484a45bcb5399ecfe3aaca2542c5240dae",
                "sha256:eb1723d628d8cc32a5d73f4b394cd630c1da81004a6b65cb3f5f52365323deaa",
                "sha256:ebdb9fa8eca6633258df279da094a1ace86aa5e0a153d5b049519a7cd5010340",
                "sha256:ecbfe128eebe4661e24f0556acc42fd02cb35c1496c8099771442468c6103ea5",
                "sha256:ecc19ba2d4562d42268ec01eec2c2567da364bdcf90cf47a7666be0efcdba6c6",
                "sha256:f0c22d2e7b0c454133b57d74d88e5001b09af3bd0ebaed96aec6bf12486cd4c8",
                "sha256:f1ce3ffa59d26427714b05af5221bc8aa31aa6905985593ff7f5b46e1ccc230f",
                "sha256:f1d9a61b56b3e59f6af51c88625c689a9815f7b9681a2b8426d82a10c17abdeb",
                "sha256:f673a4c6fb791ae6e9c6f769e45600c6656b9471b6fb7bad311418542cde8dd0",
                "sha256:f8e96850e498d603af31be7512bc6b24a469310db456c346c209749d38d24378",
                "sha256:fb1d02323b63850e604111a40f65c3155157e3025f6ccf7f18b9f01ac9ebe7bd",
                "sha256:fe6618952c7e9a65ff61e9d0ab1b7f01a8b67e9556a4d6cb31e2d074b6a35faa",
                "sha256:ff31f8dbbefc29fa7fd3982eb48cfbfe258de0347b1fd075c3c9306ea8aba9b0"
            ],
            "markers": "python_version >= '3.5'",
            "version": "==0.15.1"
        },
        "requests": {
            "hashes": [
                "sha256:6c1246513ecd5ecd4528a0906f910e8f0f9c6b8ec72030dc9fd154dc1a6efd24",
                "sha256:b8aa58f8cf793ffd8782d3d8cb19e66ef36f7aba4353eec859e74678b01b07a7"
            ],
            "index": "pypi",
            "version": "==2.26.0"
        },
        "six": {
            "hashes": [
                "sha256:1e61c37477a1626458e36f7b1d82aa5c9b094fa4802892072e49de9c60c4c926",
                "sha256:8abb2f1d86890a2dfb989f9a77cfcfd3e47c2a354b01111771326f8aa26e0254"
            ],
            "markers": "python_version >= '2.7' and python_version not in '3.0, 3.1, 3.2, 3.3'",
            "version": "==1.16.0"
        },
        "texttable": {
            "hashes": [
                "sha256:42ee7b9e15f7b225747c3fa08f43c5d6c83bc899f80ff9bae9319334824076e9",
                "sha256:dd2b0eaebb2a9e167d1cefedab4700e5dcbdb076114eed30b58b97ed6b37d6f2"
            ],
            "version": "==1.6.4"
        },
        "urllib3": {
            "hashes": [
                "sha256:4987c65554f7a2dbf30c18fd48778ef124af6fab771a377103da0585e2336ece",
                "sha256:c4fdf4019605b6e5423637e01bc9fe4daef873709a7973e195ceba0a62bbc844"
            ],
            "markers": "python_version >= '2.7' and python_version not in '3.0, 3.1, 3.2, 3.3, 3.4' and python_version < '4'",
            "version": "==1.26.7"
        }
    },
    "develop": {
        "astroid": {
            "hashes": [
                "sha256:5939cf55de24b92bda00345d4d0659d01b3c7dafb5055165c330bc7c568ba273",
                "sha256:776ca0b748b4ad69c00bfe0fff38fa2d21c338e12c84aa9715ee0d473c422778"
            ],
            "markers": "python_version ~= '3.6'",
            "version": "==2.9.0"
        },
        "isort": {
            "hashes": [
                "sha256:6f62d78e2f89b4500b080fe3a81690850cd254227f27f75c3a0c491a1f351ba7",
                "sha256:e8443a5e7a020e9d7f97f1d7d9cd17c88bcb3bc7e218bf9cf5095fe550be2951"
            ],
            "markers": "python_version < '4.0' and python_full_version >= '3.6.1'",
            "version": "==5.10.1"
        },
        "lazy-object-proxy": {
            "hashes": [
                "sha256:043651b6cb706eee4f91854da4a089816a6606c1428fd391573ef8cb642ae4f7",
                "sha256:07fa44286cda977bd4803b656ffc1c9b7e3bc7dff7d34263446aec8f8c96f88a",
                "sha256:12f3bb77efe1367b2515f8cb4790a11cffae889148ad33adad07b9b55e0ab22c",
                "sha256:2052837718516a94940867e16b1bb10edb069ab475c3ad84fd1e1a6dd2c0fcfc",
                "sha256:2130db8ed69a48a3440103d4a520b89d8a9405f1b06e2cc81640509e8bf6548f",
                "sha256:39b0e26725c5023757fc1ab2a89ef9d7ab23b84f9251e28f9cc114d5b59c1b09",
                "sha256:46ff647e76f106bb444b4533bb4153c7370cdf52efc62ccfc1a28bdb3cc95442",
                "sha256:4dca6244e4121c74cc20542c2ca39e5c4a5027c81d112bfb893cf0790f96f57e",
                "sha256:553b0f0d8dbf21890dd66edd771f9b1b5f51bd912fa5f26de4449bfc5af5e029",
                "sha256:677ea950bef409b47e51e733283544ac3d660b709cfce7b187f5ace137960d61",
                "sha256:6a24357267aa976abab660b1d47a34aaf07259a0c3859a34e536f1ee6e76b5bb",
                "sha256:6a6e94c7b02641d1311228a102607ecd576f70734dc3d5e22610111aeacba8a0",
                "sha256:6aff3fe5de0831867092e017cf67e2750c6a1c7d88d84d2481bd84a2e019ec35",
                "sha256:6ecbb350991d6434e1388bee761ece3260e5228952b1f0c46ffc800eb313ff42",
                "sha256:7096a5e0c1115ec82641afbdd70451a144558ea5cf564a896294e346eb611be1",
                "sha256:70ed0c2b380eb6248abdef3cd425fc52f0abd92d2b07ce26359fcbc399f636ad",
                "sha256:8561da8b3dd22d696244d6d0d5330618c993a215070f473b699e00cf1f3f6443",
                "sha256:85b232e791f2229a4f55840ed54706110c80c0a210d076eee093f2b2e33e1bfd",
                "sha256:898322f8d078f2654d275124a8dd19b079080ae977033b713f677afcfc88e2b9",
                "sha256:8f3953eb575b45480db6568306893f0bd9d8dfeeebd46812aa09ca9579595148",
                "sha256:91ba172fc5b03978764d1df5144b4ba4ab13290d7bab7a50f12d8117f8630c38",
                "sha256:9d166602b525bf54ac994cf833c385bfcc341b364e3ee71e3bf5a1336e677b55",
                "sha256:a57d51ed2997e97f3b8e3500c984db50a554bb5db56c50b5dab1b41339b37e36",
                "sha256:b9e89b87c707dd769c4ea91f7a31538888aad05c116a59820f28d59b3ebfe25a",
                "sha256:bb8c5fd1684d60a9902c60ebe276da1f2281a318ca16c1d0a96db28f62e9166b",
                "sha256:c19814163728941bb871240d45c4c30d33b8a2e85972c44d4e63dd7107faba44",
                "sha256:c4ce15276a1a14549d7e81c243b887293904ad2d94ad767f42df91e75fd7b5b6",
                "sha256:c7a683c37a8a24f6428c28c561c80d5f4fd316ddcf0c7cab999b15ab3f5c5c69",
                "sha256:d609c75b986def706743cdebe5e47553f4a5a1da9c5ff66d76013ef396b5a8a4",
                "sha256:d66906d5785da8e0be7360912e99c9188b70f52c422f9fc18223347235691a84",
                "sha256:dd7ed7429dbb6c494aa9bc4e09d94b778a3579be699f9d67da7e6804c422d3de",
                "sha256:df2631f9d67259dc9620d831384ed7732a198eb434eadf69aea95ad18c587a28",
                "sha256:e368b7f7eac182a59ff1f81d5f3802161932a41dc1b1cc45c1f757dc876b5d2c",
                "sha256:e40f2013d96d30217a51eeb1db28c9ac41e9d0ee915ef9d00da639c5b63f01a1",
                "sha256:f769457a639403073968d118bc70110e7dce294688009f5c24ab78800ae56dc8",
                "sha256:fccdf7c2c5821a8cbd0a9440a456f5050492f2270bd54e94360cac663398739b",
                "sha256:fd45683c3caddf83abbb1249b653a266e7069a09f486daa8863fb0e7496a9fdb"
            ],
            "markers": "python_version >= '3.6'",
            "version": "==1.7.1"
        },
        "mccabe": {
            "hashes": [
                "sha256:ab8a6258860da4b6677da4bd2fe5dc2c659cff31b3ee4f7f5d64e79735b80d42",
                "sha256:dd8d182285a0fe56bace7f45b5e7d1a6ebcbf524e8f3bd87eb0f125271b8831f"
            ],
            "version": "==0.6.1"
        },
        "platformdirs": {
            "hashes": [
                "sha256:1d7385c7db91728b83efd0ca99a5afb296cab9d0ed8313a45ed8ba17967ecfca",
                "sha256:440633ddfebcc36264232365d7840a970e75e1018d15b4327d11f91909045fda"
            ],
            "markers": "python_version >= '3.7'",
            "version": "==2.4.1"
        },
        "pylint": {
            "hashes": [
                "sha256:9d945a73640e1fec07ee34b42f5669b770c759acd536ec7b16d7e4b87a9c9ff9",
                "sha256:daabda3f7ed9d1c60f52d563b1b854632fd90035bcf01443e234d3dc794e3b74"
            ],
            "index": "pypi",
            "version": "==2.12.2"
        },
        "toml": {
            "hashes": [
                "sha256:806143ae5bfb6a3c6e736a764057db0e6a0e05e338b5630894a5f779cabb4f9b",
                "sha256:b3bda1d108d5dd99f4a20d24d9c348e91c4db7ab1b749200bded2f839ccbe68f"
            ],
            "markers": "python_version >= '2.6' and python_version not in '3.0, 3.1, 3.2, 3.3'",
            "version": "==0.10.2"
        },
        "typing-extensions": {
            "hashes": [
                "sha256:4ca091dea149f945ec56afb48dae714f21e8692ef22a395223bcd328961b6a0e",
                "sha256:7f001e5ac290a0c0401508864c7ec868be4e701886d5b573a9528ed3973d9d3b"
            ],
            "markers": "python_version < '3.10'",
            "version": "==4.0.1"
        },
        "wrapt": {
            "hashes": [
                "sha256:086218a72ec7d986a3eddb7707c8c4526d677c7b35e355875a0fe2918b059179",
                "sha256:0877fe981fd76b183711d767500e6b3111378ed2043c145e21816ee589d91096",
                "sha256:0a017a667d1f7411816e4bf214646d0ad5b1da2c1ea13dec6c162736ff25a374",
                "sha256:0cb23d36ed03bf46b894cfec777eec754146d68429c30431c99ef28482b5c1df",
                "sha256:1fea9cd438686e6682271d36f3481a9f3636195578bab9ca3382e2f5f01fc185",
                "sha256:220a869982ea9023e163ba915077816ca439489de6d2c09089b219f4e11b6785",
                "sha256:25b1b1d5df495d82be1c9d2fad408f7ce5ca8a38085e2da41bb63c914baadff7",
                "sha256:2dded5496e8f1592ec27079b28b6ad2a1ef0b9296d270f77b8e4a3a796cf6909",
                "sha256:2ebdde19cd3c8cdf8df3fc165bc7827334bc4e353465048b36f7deeae8ee0918",
                "sha256:43e69ffe47e3609a6aec0fe723001c60c65305784d964f5007d5b4fb1bc6bf33",
                "sha256:46f7f3af321a573fc0c3586612db4decb7eb37172af1bc6173d81f5b66c2e068",
                "sha256:47f0a183743e7f71f29e4e21574ad3fa95676136f45b91afcf83f6a050914829",
                "sha256:498e6217523111d07cd67e87a791f5e9ee769f9241fcf8a379696e25806965af",
                "sha256:4b9c458732450ec42578b5642ac53e312092acf8c0bfce140ada5ca1ac556f79",
                "sha256:51799ca950cfee9396a87f4a1240622ac38973b6df5ef7a41e7f0b98797099ce",
                "sha256:5601f44a0f38fed36cc07db004f0eedeaadbdcec90e4e90509480e7e6060a5bc",
                "sha256:5f223101f21cfd41deec8ce3889dc59f88a59b409db028c469c9b20cfeefbe36",
                "sha256:610f5f83dd1e0ad40254c306f4764fcdc846641f120c3cf424ff57a19d5f7ade",
                "sha256:6a03d9917aee887690aa3f1747ce634e610f6db6f6b332b35c2dd89412912bca",
                "sha256:705e2af1f7be4707e49ced9153f8d72131090e52be9278b5dbb1498c749a1e32",
                "sha256:766b32c762e07e26f50d8a3468e3b4228b3736c805018e4b0ec8cc01ecd88125",
                "sha256:77416e6b17926d953b5c666a3cb718d5945df63ecf922af0ee576206d7033b5e",
                "sha256:778fd096ee96890c10ce96187c76b3e99b2da44e08c9e24d5652f356873f6709",
                "sha256:78dea98c81915bbf510eb6a3c9c24915e4660302937b9ae05a0947164248020f",
                "sha256:7dd215e4e8514004c8d810a73e342c536547038fb130205ec4bba9f5de35d45b",
                "sha256:7dde79d007cd6dfa65afe404766057c2409316135cb892be4b1c768e3f3a11cb",
                "sha256:81bd7c90d28a4b2e1df135bfbd7c23aee3050078ca6441bead44c42483f9ebfb",
                "sha256:85148f4225287b6a0665eef08a178c15097366d46b210574a658c1ff5b377489",
                "sha256:865c0b50003616f05858b22174c40ffc27a38e67359fa1495605f96125f76640",
                "sha256:87883690cae293541e08ba2da22cacaae0a092e0ed56bbba8d018cc486fbafbb",
                "sha256:8aab36778fa9bba1a8f06a4919556f9f8c7b33102bd71b3ab307bb3fecb21851",
                "sha256:8c73c1a2ec7c98d7eaded149f6d225a692caa1bd7b2401a14125446e9e90410d",
                "sha256:936503cb0a6ed28dbfa87e8fcd0a56458822144e9d11a49ccee6d9a8adb2ac44",
                "sha256:944b180f61f5e36c0634d3202ba8509b986b5fbaf57db3e94df11abee244ba13",
                "sha256:96b81ae75591a795d8c90edc0bfaab44d3d41ffc1aae4d994c5aa21d9b8e19a2",
                "sha256:981da26722bebb9247a0601e2922cedf8bb7a600e89c852d063313102de6f2cb",
                "sha256:ae9de71eb60940e58207f8e71fe113c639da42adb02fb2bcbcaccc1ccecd092b",
                "sha256:b73d4b78807bd299b38e4598b8e7bd34ed55d480160d2e7fdaabd9931afa65f9",
                "sha256:d4a5f6146cfa5c7ba0134249665acd322a70d1ea61732723c7d3e8cc0fa80755",
                "sha256:dd91006848eb55af2159375134d724032a2d1d13bcc6f81cd8d3ed9f2b8e846c",
                "sha256:e05e60ff3b2b0342153be4d1b597bbcfd8330890056b9619f4ad6b8d5c96a81a",
                "sha256:e6906d6f48437dfd80464f7d7af1740eadc572b9f7a4301e7dd3d65db285cacf",
                "sha256:e92d0d4fa68ea0c02d39f1e2f9cb5bc4b4a71e8c442207433d8db47ee79d7aa3",
                "sha256:e94b7d9deaa4cc7bac9198a58a7240aaf87fe56c6277ee25fa5b3aa1edebd229",
                "sha256:ea3e746e29d4000cd98d572f3ee2a6050a4f784bb536f4ac1f035987fc1ed83e",
                "sha256:ec7e20258ecc5174029a0f391e1b948bf2906cd64c198a9b8b281b811cbc04de",
                "sha256:ec9465dd69d5657b5d2fa6133b3e1e989ae27d29471a672416fd729b429eb554",
                "sha256:f122ccd12fdc69628786d0c947bdd9cb2733be8f800d88b5a37c57f1f1d73c10",
                "sha256:f99c0489258086308aad4ae57da9e8ecf9e1f3f30fa35d5e170b4d4896554d80",
                "sha256:f9c51d9af9abb899bd34ace878fbec8bf357b3194a10c4e8e0a25512826ef056",
                "sha256:fd76c47f20984b43d93de9a82011bb6e5f8325df6c9ed4d8310029a55fa361ea"
            ],
            "markers": "python_version >= '2.7' and python_version not in '3.0, 3.1, 3.2, 3.3, 3.4'",
            "version": "==1.13.3"
        }
    }
}
